
Microsoft Visual Studio Solution File, Format Version 12.00
# Visual Studio Version 17
VisualStudioVersion = 17.14.36310.24
MinimumVisualStudioVersion = 10.0.40219.1
Project("{2150E333-8FDC-42A3-9474-1A3956D46DE8}") = "TP01", "TP01", "{02EA681E-C7D8-13C7-8484-4AC65E1B71E8}"
EndProject
Project("{2150E333-8FDC-42A3-9474-1A3956D46DE8}") = "Unidad 1", "Unidad 1", "{348FB248-A342-4241-ADF0-074B9E4614A2}"
EndProject
Project("{FAE04EC0-301F-11D3-BF4B-00C04F79EFBC}") = "Ejercicio01", "Ejercicio01\Ejercicio01.csproj", "{C62C3330-D9DB-49B3-AA77-75ED5F99D1D5}"
EndProject
Project("{FAE04EC0-301F-11D3-BF4B-00C04F79EFBC}") = "Ejercicio02", "Ejercicio02\Ejercicio02.csproj", "{EE476E0C-57C8-4260-A482-7AC8BEEC6D82}"
EndProject
Project("{2150E333-8FDC-42A3-9474-1A3956D46DE8}") = "TP02", "TP02", "{8A3C58AB-63FB-4D4D-8E39-8B413E8202D9}"
EndProject
Project("{FAE04EC0-301F-11D3-BF4B-00C04F79EFBC}") = "Ejercicio03", "Ejercicio03\Ejercicio03.csproj", "{34F409BD-743A-432B-9B2D-566AB2C715BF}"
EndProject
Global
	GlobalSection(SolutionConfigurationPlatforms) = preSolution
		Debug|Any CPU = Debug|Any CPU
		Release|Any CPU = Release|Any CPU
	EndGlobalSection
	GlobalSection(ProjectConfigurationPlatforms) = postSolution
		{C62C3330-D9DB-49B3-AA77-75ED5F99D1D5}.Debug|Any CPU.ActiveCfg = Debug|Any CPU
		{C62C3330-D9DB-49B3-AA77-75ED5F99D1D5}.Debug|Any CPU.Build.0 = Debug|Any CPU
		{C62C3330-D9DB-49B3-AA77-75ED5F99D1D5}.Release|Any CPU.ActiveCfg = Release|Any CPU
		{C62C3330-D9DB-49B3-AA77-75ED5F99D1D5}.Release|Any CPU.Build.0 = Release|Any CPU
		{EE476E0C-57C8-4260-A482-7AC8BEEC6D82}.Debug|Any CPU.ActiveCfg = Debug|Any CPU
		{EE476E0C-57C8-4260-A482-7AC8BEEC6D82}.Debug|Any CPU.Build.0 = Debug|Any CPU
		{EE476E0C-57C8-4260-A482-7AC8BEEC6D82}.Release|Any CPU.ActiveCfg = Release|Any CPU
		{EE476E0C-57C8-4260-A482-7AC8BEEC6D82}.Release|Any CPU.Build.0 = Release|Any CPU
		{34F409BD-743A-432B-9B2D-566AB2C715BF}.Debug|Any CPU.ActiveCfg = Debug|Any CPU
		{34F409BD-743A-432B-9B2D-566AB2C715BF}.Debug|Any CPU.Build.0 = Debug|Any CPU
		{34F409BD-743A-432B-9B2D-566AB2C715BF}.Release|Any CPU.ActiveCfg = Release|Any CPU
		{34F409BD-743A-432B-9B2D-566AB2C715BF}.Release|Any CPU.Build.0 = Release|Any CPU
	EndGlobalSection
	GlobalSection(SolutionProperties) = preSolution
		HideSolutionNode = FALSE
	EndGlobalSection
	GlobalSection(NestedProjects) = preSolution
		{02EA681E-C7D8-13C7-8484-4AC65E1B71E8} = {348FB248-A342-4241-ADF0-074B9E4614A2}
		{C62C3330-D9DB-49B3-AA77-75ED5F99D1D5} = {02EA681E-C7D8-13C7-8484-4AC65E1B71E8}
		{EE476E0C-57C8-4260-A482-7AC8BEEC6D82} = {02EA681E-C7D8-13C7-8484-4AC65E1B71E8}
		{8A3C58AB-63FB-4D4D-8E39-8B413E8202D9} = {348FB248-A342-4241-ADF0-074B9E4614A2}
		{34F409BD-743A-432B-9B2D-566AB2C715BF} = {8A3C58AB-63FB-4D4D-8E39-8B413E8202D9}
	EndGlobalSection
	GlobalSection(ExtensibilityGlobals) = postSolution
		SolutionGuid = {761476F8-BA03-4239-BCF1-86B6B1E5120D}
	EndGlobalSection
EndGlobal
